
Microsoft Visual Studio Solution File, Format Version 11.00
# Visual Studio 2010
Project("{D2ABAB84-BF74-430A-B69E-9DC6D40DDA17}") = "MiniProject SSAS", "MiniProject SSAS\MiniProject SSAS.dwproj", "{5B2FEDE9-864A-4B49-9FA1-391E90328449}"
EndProject
Global
	GlobalSection(SolutionConfigurationPlatforms) = preSolution
		Development|Default = Development|Default
	EndGlobalSection
	GlobalSection(ProjectConfigurationPlatforms) = postSolution
		{5B2FEDE9-864A-4B49-9FA1-391E90328449}.Development|Default.ActiveCfg = Development
		{5B2FEDE9-864A-4B49-9FA1-391E90328449}.Development|Default.Build.0 = Development
		{5B2FEDE9-864A-4B49-9FA1-391E90328449}.Development|Default.Deploy.0 = Development
	EndGlobalSection
	GlobalSection(SolutionProperties) = preSolution
		HideSolutionNode = FALSE
	EndGlobalSection
EndGlobal
